
Microsoft Visual Studio Solution File, Format Version 12.00
# Visual Studio Version 16
VisualStudioVersion = 16.0.29728.190
MinimumVisualStudioVersion = 10.0.40219.1
Project("{FAE04EC0-301F-11D3-BF4B-00C04F79EFBC}") = "CustomerAPI.Application", "CustomerAPI.Application\CustomerAPI.Application.csproj", "{CB8F3396-2FF0-4B3B-9A87-AA936D5770A6}"
EndProject
Project("{FAE04EC0-301F-11D3-BF4B-00C04F79EFBC}") = "CustomerAPI.Domain", "CustomerAPI.Domain\CustomerAPI.Domain.csproj", "{7625DA3B-BA87-43C2-BDF3-59B01619D3F7}"
EndProject
Project("{FAE04EC0-301F-11D3-BF4B-00C04F79EFBC}") = "CustomerAPI.Infrastructure", "CustomerAPI.Infrastructure\CustomerAPI.Infrastructure.csproj", "{0F15815E-77CA-43D0-8B57-83C1C30DEC20}"
EndProject
Project("{2150E333-8FDC-42A3-9474-1A3956D46DE8}") = "DataAccess", "DataAccess", "{C67AF13A-A9FB-4CDB-81C2-31B72EF507B7}"
EndProject
Project("{FAE04EC0-301F-11D3-BF4B-00C04F79EFBC}") = "CustomerAPI.EFCore", "CustomerAPI.EFCore\CustomerAPI.EFCore.csproj", "{601B627E-8B86-4F19-8639-90418B1BF7E4}"
EndProject
Global
	GlobalSection(SolutionConfigurationPlatforms) = preSolution
		Debug|Any CPU = Debug|Any CPU
		Release|Any CPU = Release|Any CPU
	EndGlobalSection
	GlobalSection(ProjectConfigurationPlatforms) = postSolution
		{CB8F3396-2FF0-4B3B-9A87-AA936D5770A6}.Debug|Any CPU.ActiveCfg = Debug|Any CPU
		{CB8F3396-2FF0-4B3B-9A87-AA936D5770A6}.Debug|Any CPU.Build.0 = Debug|Any CPU
		{CB8F3396-2FF0-4B3B-9A87-AA936D5770A6}.Release|Any CPU.ActiveCfg = Release|Any CPU
		{CB8F3396-2FF0-4B3B-9A87-AA936D5770A6}.Release|Any CPU.Build.0 = Release|Any CPU
		{7625DA3B-BA87-43C2-BDF3-59B01619D3F7}.Debug|Any CPU.ActiveCfg = Debug|Any CPU
		{7625DA3B-BA87-43C2-BDF3-59B01619D3F7}.Debug|Any CPU.Build.0 = Debug|Any CPU
		{7625DA3B-BA87-43C2-BDF3-59B01619D3F7}.Release|Any CPU.ActiveCfg = Release|Any CPU
		{7625DA3B-BA87-43C2-BDF3-59B01619D3F7}.Release|Any CPU.Build.0 = Release|Any CPU
		{0F15815E-77CA-43D0-8B57-83C1C30DEC20}.Debug|Any CPU.ActiveCfg = Debug|Any CPU
		{0F15815E-77CA-43D0-8B57-83C1C30DEC20}.Debug|Any CPU.Build.0 = Debug|Any CPU
		{0F15815E-77CA-43D0-8B57-83C1C30DEC20}.Release|Any CPU.ActiveCfg = Release|Any CPU
		{0F15815E-77CA-43D0-8B57-83C1C30DEC20}.Release|Any CPU.Build.0 = Release|Any CPU
		{601B627E-8B86-4F19-8639-90418B1BF7E4}.Debug|Any CPU.ActiveCfg = Debug|Any CPU
		{601B627E-8B86-4F19-8639-90418B1BF7E4}.Debug|Any CPU.Build.0 = Debug|Any CPU
		{601B627E-8B86-4F19-8639-90418B1BF7E4}.Release|Any CPU.ActiveCfg = Release|Any CPU
		{601B627E-8B86-4F19-8639-90418B1BF7E4}.Release|Any CPU.Build.0 = Release|Any CPU
	EndGlobalSection
	GlobalSection(SolutionProperties) = preSolution
		HideSolutionNode = FALSE
	EndGlobalSection
	GlobalSection(NestedProjects) = preSolution
		{601B627E-8B86-4F19-8639-90418B1BF7E4} = {C67AF13A-A9FB-4CDB-81C2-31B72EF507B7}
	EndGlobalSection
	GlobalSection(ExtensibilityGlobals) = postSolution
		SolutionGuid = {C835FB4F-98B7-4297-9C76-24B351DE8C5E}
	EndGlobalSection
EndGlobal
